
Microsoft Visual Studio Solution File, Format Version 12.00
# Visual Studio Version 17
VisualStudioVersion = 17.0.31903.59
MinimumVisualStudioVersion = 10.0.40219.1
Project("{2150E333-8FDC-42A3-9474-1A3956D46DE8}") = "src", "src", "{2A7C0A49-7270-4E62-82DE-414E4BB0BCFC}"
EndProject
Project("{FAE04EC0-301F-11D3-BF4B-00C04F79EFBC}") = "AISI.MuiLint", "src\AISI.MuiLint\AISI.MuiLint.csproj", "{84796DB8-444E-4552-9C81-965A5EF8B402}"
EndProject
Project("{FAE04EC0-301F-11D3-BF4B-00C04F79EFBC}") = "AISI.MuiLint.Cli", "src\AISI.MuiLint.Cli\AISI.MuiLint.Cli.csproj", "{7793DEB3-1881-4B92-9944-E5BAE9EC49AE}"
EndProject
Project("{FAE04EC0-301F-11D3-BF4B-00C04F79EFBC}") = "AISI.MuiLint.Vsix", "src\AISI.MuiLint.Vsix\AISI.MuiLint.Vsix.csproj", "{C4D4248C-5CC9-4CB6-BEF1-6CAA1B815110}"
EndProject
Project("{FAE04EC0-301F-11D3-BF4B-00C04F79EFBC}") = "AISI.MuiLint.Site", "src\AISI.MuiLint.Site\AISI.MuiLint.Site.csproj", "{88EBFFE4-315A-4202-BA3B-FE1F71583849}"
EndProject
Project("{2150E333-8FDC-42A3-9474-1A3956D46DE8}") = "tests", "tests", "{BFB27B41-F7A6-49E3-8FCE-2786F7868040}"
EndProject
Project("{FAE04EC0-301F-11D3-BF4B-00C04F79EFBC}") = "AISI.MuiLint.Tests", "tests\AISI.MuiLint.Tests\AISI.MuiLint.Tests.csproj", "{1CA21137-BF59-47FF-8B8A-A4E38A2287D0}"
EndProject
Global
	GlobalSection(SolutionConfigurationPlatforms) = preSolution
		Debug|Any CPU = Debug|Any CPU
		Release|Any CPU = Release|Any CPU
	EndGlobalSection
	GlobalSection(SolutionProperties) = preSolution
		HideSolutionNode = FALSE
	EndGlobalSection
	GlobalSection(ProjectConfigurationPlatforms) = postSolution
		{84796DB8-444E-4552-9C81-965A5EF8B402}.Debug|Any CPU.ActiveCfg = Debug|Any CPU
		{84796DB8-444E-4552-9C81-965A5EF8B402}.Debug|Any CPU.Build.0 = Debug|Any CPU
		{84796DB8-444E-4552-9C81-965A5EF8B402}.Release|Any CPU.ActiveCfg = Release|Any CPU
		{84796DB8-444E-4552-9C81-965A5EF8B402}.Release|Any CPU.Build.0 = Release|Any CPU
		{7793DEB3-1881-4B92-9944-E5BAE9EC49AE}.Debug|Any CPU.ActiveCfg = Debug|Any CPU
		{7793DEB3-1881-4B92-9944-E5BAE9EC49AE}.Debug|Any CPU.Build.0 = Debug|Any CPU
		{7793DEB3-1881-4B92-9944-E5BAE9EC49AE}.Release|Any CPU.ActiveCfg = Release|Any CPU
		{7793DEB3-1881-4B92-9944-E5BAE9EC49AE}.Release|Any CPU.Build.0 = Release|Any CPU
		{C4D4248C-5CC9-4CB6-BEF1-6CAA1B815110}.Debug|Any CPU.ActiveCfg = Debug|Any CPU
		{C4D4248C-5CC9-4CB6-BEF1-6CAA1B815110}.Debug|Any CPU.Build.0 = Debug|Any CPU
		{C4D4248C-5CC9-4CB6-BEF1-6CAA1B815110}.Release|Any CPU.ActiveCfg = Release|Any CPU
		{C4D4248C-5CC9-4CB6-BEF1-6CAA1B815110}.Release|Any CPU.Build.0 = Release|Any CPU
		{1CA21137-BF59-47FF-8B8A-A4E38A2287D0}.Debug|Any CPU.ActiveCfg = Debug|Any CPU
		{1CA21137-BF59-47FF-8B8A-A4E38A2287D0}.Debug|Any CPU.Build.0 = Debug|Any CPU
		{1CA21137-BF59-47FF-8B8A-A4E38A2287D0}.Release|Any CPU.ActiveCfg = Release|Any CPU
		{1CA21137-BF59-47FF-8B8A-A4E38A2287D0}.Release|Any CPU.Build.0 = Release|Any CPU
		{88EBFFE4-315A-4202-BA3B-FE1F71583849}.Debug|Any CPU.ActiveCfg = Debug|Any CPU
		{88EBFFE4-315A-4202-BA3B-FE1F71583849}.Debug|Any CPU.Build.0 = Debug|Any CPU
		{88EBFFE4-315A-4202-BA3B-FE1F71583849}.Release|Any CPU.ActiveCfg = Release|Any CPU
		{88EBFFE4-315A-4202-BA3B-FE1F71583849}.Release|Any CPU.Build.0 = Release|Any CPU
	EndGlobalSection
	GlobalSection(NestedProjects) = preSolution
		{84796DB8-444E-4552-9C81-965A5EF8B402} = {2A7C0A49-7270-4E62-82DE-414E4BB0BCFC}
		{7793DEB3-1881-4B92-9944-E5BAE9EC49AE} = {2A7C0A49-7270-4E62-82DE-414E4BB0BCFC}
		{C4D4248C-5CC9-4CB6-BEF1-6CAA1B815110} = {2A7C0A49-7270-4E62-82DE-414E4BB0BCFC}
		{1CA21137-BF59-47FF-8B8A-A4E38A2287D0} = {BFB27B41-F7A6-49E3-8FCE-2786F7868040}
		{88EBFFE4-315A-4202-BA3B-FE1F71583849} = {2A7C0A49-7270-4E62-82DE-414E4BB0BCFC}
	EndGlobalSection
EndGlobal
